
Microsoft Visual Studio Solution File, Format Version 12.00
# Visual Studio 15
VisualStudioVersion = 15.0.28307.438
MinimumVisualStudioVersion = 10.0.40219.1
Project("{FAE04EC0-301F-11D3-BF4B-00C04F79EFBC}") = "AlamiahDailycheckDashboard", "AlamiahDailycheckDashboard\AlamiahDailycheckDashboard.csproj", "{6B646A26-1B5C-447C-8F56-DD8CB0D93086}"
EndProject
Global
	GlobalSection(SolutionConfigurationPlatforms) = preSolution
		Debug|Any CPU = Debug|Any CPU
		Debug|x86 = Debug|x86
		Release|Any CPU = Release|Any CPU
		Release|x86 = Release|x86
	EndGlobalSection
	GlobalSection(ProjectConfigurationPlatforms) = postSolution
		{6B646A26-1B5C-447C-8F56-DD8CB0D93086}.Debug|Any CPU.ActiveCfg = Debug|Any CPU
		{6B646A26-1B5C-447C-8F56-DD8CB0D93086}.Debug|Any CPU.Build.0 = Debug|Any CPU
		{6B646A26-1B5C-447C-8F56-DD8CB0D93086}.Debug|x86.ActiveCfg = Debug|x86
		{6B646A26-1B5C-447C-8F56-DD8CB0D93086}.Debug|x86.Build.0 = Debug|x86
		{6B646A26-1B5C-447C-8F56-DD8CB0D93086}.Release|Any CPU.ActiveCfg = Release|Any CPU
		{6B646A26-1B5C-447C-8F56-DD8CB0D93086}.Release|Any CPU.Build.0 = Release|Any CPU
		{6B646A26-1B5C-447C-8F56-DD8CB0D93086}.Release|x86.ActiveCfg = Release|x86
		{6B646A26-1B5C-447C-8F56-DD8CB0D93086}.Release|x86.Build.0 = Release|x86
	EndGlobalSection
	GlobalSection(SolutionProperties) = preSolution
		HideSolutionNode = FALSE
	EndGlobalSection
	GlobalSection(ExtensibilityGlobals) = postSolution
		SolutionGuid = {D5C91057-0B78-4C28-97BC-739ED85C3892}
	EndGlobalSection
	GlobalSection(TeamFoundationVersionControl) = preSolution
		SccNumberOfProjects = 2
		SccEnterpriseProvider = {4CA58AB2-18FA-4F8D-95D4-32DDF27D184C}
		SccTeamFoundationServer = http://172.16.2.38:8080/tfs/tfsdefaultcollection
		SccLocalPath0 = .
		SccProjectUniqueName1 = AlamiahDailycheckDashboard\\AlamiahDailycheckDashboard.csproj
		SccProjectName1 = AlamiahDailycheckDashboard
		SccLocalPath1 = AlamiahDailycheckDashboard
	EndGlobalSection
EndGlobal
